// !$*UTF8*$!
{
	archiveVersion = 1;
	classes = {
	};
	objectVersion = 46;
	objects = {

/* Begin PBXBuildFile section */
		806E62D51C06F80B00EFE3B8 /* AppDelegate.swift in Sources */ = {isa = PBXBuildFile; fileRef = 806E62D41C06F80B00EFE3B8 /* AppDelegate.swift */; };
		806E62D71C06F80B00EFE3B8 /* ViewController.swift in Sources */ = {isa = PBXBuildFile; fileRef = 806E62D61C06F80B00EFE3B8 /* ViewController.swift */; };
		806E62DA1C06F80B00EFE3B8 /* Main.storyboard in Resources */ = {isa = PBXBuildFile; fileRef = 806E62D81C06F80B00EFE3B8 /* Main.storyboard */; };
		806E62DC1C06F80B00EFE3B8 /* Assets.xcassets in Resources */ = {isa = PBXBuildFile; fileRef = 806E62DB1C06F80B00EFE3B8 /* Assets.xcassets */; };
		806E62DF1C06F80B00EFE3B8 /* LaunchScreen.storyboard in Resources */ = {isa = PBXBuildFile; fileRef = 806E62DD1C06F80B00EFE3B8 /* LaunchScreen.storyboard */; };
/* End PBXBuildFile section */

/* Begin PBXFileReference section */
		806E62D11C06F80B00EFE3B8 /* Multiples.app */ = {isa = PBXFileReference; explicitFileType = wrapper.application; includeInIndex = 0; path = Multiples.app; sourceTree = BUILT_PRODUCTS_DIR; };
		806E62D41C06F80B00EFE3B8 /* AppDelegate.swift */ = {isa = PBXFileReference; lastKnownFileType = sourcecode.swift; path = AppDelegate.swift; sourceTree = "<group>"; };
		806E62D61C06F80B00EFE3B8 /* ViewController.swift */ = {isa = PBXFileReference; lastKnownFileType = sourcecode.swift; path = ViewController.swift; sourceTree = "<group>"; };
		806E62D91C06F80B00EFE3B8 /* Base */ = {isa = PBXFileReference; lastKnownFileType = file.storyboard; name = Base; path = Base.lproj/Main.storyboard; sourceTree = "<group>"; };
		806E62DB1C06F80B00EFE3B8 /* Assets.xcassets */ = {isa = PBXFileReference; lastKnownFileType = folder.assetcatalog; path = Assets.xcassets; sourceTree = "<group>"; };
		806E62DE1C06F80B00EFE3B8 /* Base */ = {isa = PBXFileReference; lastKnownFileType = file.storyboard; name = Base; path = Base.lproj/LaunchScreen.storyboard; sourceTree = "<group>"; };
		806E62E01C06F80B00EFE3B8 /* Info.plist */ = {isa = PBXFileReference; lastKnownFileType = text.plist.xml; path = Info.plist; sourceTree = "<group>"; };
/* End PBXFileReference section */

/* Begin PBXFrameworksBuildPhase section */
		806E62CE1C06F80B00EFE3B8 /* Frameworks */ = {
			isa = PBXFrameworksBuildPhase;
			buildActionMask = 2147483647;
			files = (
			);
			runOnlyForDeploymentPostprocessing = 0;
		};
/* End PBXFrameworksBuildPhase section */

/* Begin PBXGroup section */
		806E62C81C06F80B00EFE3B8 = {
			isa = PBXGroup;
			children = (
				806E62D31C06F80B00EFE3B8 /* Multiples */,
				806E62D21C06F80B00EFE3B8 /* Products */,
			);
			sourceTree = "<group>";
		};
		806E62D21C06F80B00EFE3B8 /* Products */ = {
			isa = PBXGroup;
			children = (
				806E62D11C06F80B00EFE3B8 /* Multiples.app */,
			);
			name = Products;
			sourceTree = "<group>";
		};
		806E62D31C06F80B00EFE3B8 /* Multiples */ = {
			isa = PBXGroup;
			children = (
				806E62D41C06F80B00EFE3B8 /* AppDelegate.swift */,
				806E62D61C06F80B00EFE3B8 /* ViewController.swift */,
				806E62D81C06F80B00EFE3B8 /* Main.storyboard */,
				806E62DB1C06F80B00EFE3B8 /* Assets.xcassets */,
				806E62DD1C06F80B00EFE3B8 /* LaunchScreen.storyboard */,
				806E62E01C06F80B00EFE3B8 /* Info.plist */,
			);
			path = Multiples;
			sourceTree = "<group>";
		};
/* End PBXGroup section */

/* Begin PBXNativeTarget section */
		806E62D01C06F80B00EFE3B8 /* Multiples */ = {
			isa = PBXNativeTarget;
			buildConfigurationList = 806E62E31C06F80B00EFE3B8 /* Build configuration list for PBXNativeTarget "Multiples" */;
			buildPhases = (
				806E62CD1C06F80B00EFE3B8 /* Sources */,
				806E62CE1C06F80B00EFE3B8 /* Frameworks */,
				806E62CF1C06F80B00EFE3B8 /* Resources */,
			);
			buildRules = (
			);
			dependencies = (
			);
			name = Multiples;
			productName = Multiples;
			productReference = 806E62D11C06F80B00EFE3B8 /* Multiples.app */;
			productType = "com.apple.product-type.application";
		};
/* End PBXNativeTarget section */

/* Begin PBXProject section */
		806E62C91C06F80B00EFE3B8 /* Project object */ = {
			isa = PBXProject;
			attributes = {
				LastSwiftUpdateCheck = 0710;
				LastUpgradeCheck = 0710;
				ORGANIZATIONNAME = Dianitica;
				TargetAttributes = {
					806E62D01C06F80B00EFE3B8 = {
						CreatedOnToolsVersion = 7.1.1;
					};
				};
			};
			buildConfigurationList = 806E62CC1C06F80B00EFE3B8 /* Build configuration list for PBXProject "Multiples" */;
			compatibilityVersion = "Xcode 3.2";
			developmentRegion = English;
			hasScannedForEncodings = 0;
			knownRegions = (
				en,
				Base,
			);
			mainGroup = 806E62C81C06F80B00EFE3B8;
			productRefGroup = 806E62D21C06F80B00EFE3B8 /* Products */;
			projectDirPath = "";
			projectRoot = "";
			targets = (
				806E62D01C06F80B00EFE3B8 /* Multiples */,
			);
		};
/* End PBXProject section */

/* Begin PBXResourcesBuildPhase section */
		806E62CF1C06F80B00EFE3B8 /* Resources */ = {
			isa = PBXResourcesBuildPhase;
			buildActionMask = 2147483647;
			files = (
				806E62DF1C06F80B00EFE3B8 /* LaunchScreen.storyboard in Resources */,
				806E62DC1C06F80B00EFE3B8 /* Assets.xcassets in Resources */,
				806E62DA1C06F80B00EFE3B8 /* Main.storyboard in Resources */,
			);
			runOnlyForDeploymentPostprocessing = 0;
		};
/* End PBXResourcesBuildPhase section */

/* Begin PBXSourcesBuildPhase section */
		806E62CD1C06F80B00EFE3B8 /* Sources */ = {
			isa = PBXSourcesBuildPhase;
			buildActionMask = 2147483647;
			files = (
				806E62D71C06F80B00EFE3B8 /* ViewController.swift in Sources */,
				806E62D51C06F80B00EFE3B8 /* AppDelegate.swift in Sources */,
			);
			runOnlyForDeploymentPostprocessing = 0;
		};
/* End PBXSourcesBuildPhase section */

/* Begin PBXVariantGroup section */
		806E62D81C06F80B00EFE3B8 /* Main.storyboard */ = {
			isa = PBXVariantGroup;
			children = (
				806E62D91C06F80B00EFE3B8 /* Base */,
			);
			name = Main.storyboard;
			sourceTree = "<group>";
		};
		806E62DD1C06F80B00EFE3B8 /* LaunchScreen.storyboard */ = {
			isa = PBXVariantGroup;
			children = (
				806E62DE1C06F80B00EFE3B8 /* Base */,
			);
			name = LaunchScreen.storyboard;
			sourceTree = "<group>";
		};
/* End PBXVariantGroup section */

/* Begin XCBuildConfiguration section */
		806E62E11C06F80B00EFE3B8 /* Debug */ = {
			isa = XCBuildConfiguration;
			buildSettings = {
				ALWAYS_SEARCH_USER_PATHS = NO;
				CLANG_CXX_LANGUAGE_STANDARD = "gnu++0x";
				CLANG_CXX_LIBRARY = "libc++";
				CLANG_ENABLE_MODULES = YES;
				CLANG_ENABLE_OBJC_ARC = YES;
				CLANG_WARN_BOOL_CONVERSION = YES;
				CLANG_WARN_CONSTANT_CONVERSION = YES;
				CLANG_WARN_DIRECT_OBJC_ISA_USAGE = YES_ERROR;
				CLANG_WARN_EMPTY_BODY = YES;
				CLANG_WARN_ENUM_CONVERSION = YES;
				CLANG_WARN_INT_CONVERSION = YES;
				CLANG_WARN_OBJC_ROOT_CLASS = YES_ERROR;
				CLANG_WARN_UNREACHABLE_CODE = YES;
				CLANG_WARN__DUPLICATE_METHOD_MATCH = YES;
				"CODE_SIGN_IDENTITY[sdk=iphoneos*]" = "iPhone Developer";
				COPY_PHASE_STRIP = NO;
				DEBUG_INFORMATION_FORMAT = dwarf;
				ENABLE_STRICT_OBJC_MSGSEND = YES;
				ENABLE_TESTABILITY = YES;
				GCC_C_LANGUAGE_STANDARD = gnu99;
				GCC_DYNAMIC_NO_PIC = NO;
				GCC_NO_COMMON_BLOCKS = YES;
				GCC_OPTIMIZATION_LEVEL = 0;
				GCC_PREPROCESSOR_DEFINITIONS = (
					"DEBUG=1",
					"$(inherited)",
				);
				GCC_WARN_64_TO_32_BIT_CONVERSION = YES;
				GCC_WARN_ABOUT_RETURN_TYPE = YES_ERROR;
				GCC_WARN_UNDECLARED_SELECTOR = YES;
				GCC_WARN_UNINITIALIZED_AUTOS = YES_AGGRESSIVE;
				GCC_WARN_UNUSED_FUNCTION = YES;
				GCC_WARN_UNUSED_VARIABLE = YES;
				IPHONEOS_DEPLOYMENT_TARGET = 9.1;
				MTL_ENABLE_DEBUG_INFO = YES;
				ONLY_ACTIVE_ARCH = YES;
				SDKROOT = iphoneos;
				SWIFT_OPTIMIZATION_LEVEL = "-Onone";
			};
			name = Debug;
		};
		806E62E21C06F80B00EFE3B8 /* Release */ = {
			isa = XCBuildConfiguration;
			buildSettings = {
				ALWAYS_SEARCH_USER_PATHS = NO;
				CLANG_CXX_LANGUAGE_STANDARD = "gnu++0x";
				CLANG_CXX_LIBRARY = "libc++";
				CLANG_ENABLE_MODULES = YES;
				CLANG_ENABLE_OBJC_ARC = YES;
				CLANG_WARN_BOOL_CONVERSION = YES;
				CLANG_WARN_CONSTANT_CONVERSION = YES;
				CLANG_WARN_DIRECT_OBJC_ISA_USAGE = YES_ERROR;
				CLANG_WARN_EMPTY_BODY = YES;
				CLANG_WARN_ENUM_CONVERSION = YES;
				CLANG_WARN_INT_CONVERSION = YES;
				CLANG_WARN_OBJC_ROOT_CLASS = YES_ERROR;
				CLANG_WARN_UNREACHABLE_CODE = YES;
				CLANG_WARN__DUPLICATE_METHOD_MATCH = YES;
				"CODE_SIGN_IDENTITY[sdk=iphoneos*]" = "iPhone Developer";
				COPY_PHASE_STRIP = NO;
				DEBUG_INFORMATION_FORMAT = "dwarf-with-dsym";
				ENABLE_NS_ASSERTIONS = NO;
				ENABLE_STRICT_OBJC_MSGSEND = YES;
				GCC_C_LANGUAGE_STANDARD = gnu99;
				GCC_NO_COMMON_BLOCKS = YES;
				GCC_WARN_64_TO_32_BIT_CONVERSION = YES;
				GCC_WARN_ABOUT_RETURN_TYPE = YES_ERROR;
				GCC_WARN_UNDECLARED_SELECTOR = YES;
				GCC_WARN_UNINITIALIZED_AUTOS = YES_AGGRESSIVE;
				GCC_WARN_UNUSED_FUNCTION = YES;
				GCC_WARN_UNUSED_VARIABLE = YES;
				IPHONEOS_DEPLOYMENT_TARGET = 9.1;
				MTL_ENABLE_DEBUG_INFO = NO;
				SDKROOT = iphoneos;
				VALIDATE_PRODUCT = YES;
			};
			name = Release;
		};
		806E62E41C06F80B00EFE3B8 /* Debug */ = {
			isa = XCBuildConfiguration;
			buildSettings = {
				ASSETCATALOG_COMPILER_APPICON_NAME = AppIcon;
				INFOPLIST_FILE = Multiples/Info.plist;
				LD_RUNPATH_SEARCH_PATHS = "$(inherited) @executable_path/Frameworks";
				PRODUCT_BUNDLE_IDENTIFIER = com.dianitica.Multiples;
				PRODUCT_NAME = "$(TARGET_NAME)";
			};
			name = Debug;
		};
		806E62E51C06F80B00EFE3B8 /* Release */ = {
			isa = XCBuildConfiguration;
			buildSettings = {
				ASSETCATALOG_COMPILER_APPICON_NAME = AppIcon;
				INFOPLIST_FILE = Multiples/Info.plist;
				LD_RUNPATH_SEARCH_PATHS = "$(inherited) @executable_path/Frameworks";
				PRODUCT_BUNDLE_IDENTIFIER = com.dianitica.Multiples;
				PRODUCT_NAME = "$(TARGET_NAME)";
			};
			name = Release;
		};
/* End XCBuildConfiguration section */

/* Begin XCConfigurationList section */
		806E62CC1C06F80B00EFE3B8 /* Build configuration list for PBXProject "Multiples" */ = {
			isa = XCConfigurationList;
			buildConfigurations = (
				806E62E11C06F80B00EFE3B8 /* Debug */,
				806E62E21C06F80B00EFE3B8 /* Release */,
			);
			defaultConfigurationIsVisible = 0;
			defaultConfigurationName = Release;
		};
		806E62E31C06F80B00EFE3B8 /* Build configuration list for PBXNativeTarget "Multiples" */ = {
			isa = XCConfigurationList;
			buildConfigurations = (
				806E62E41C06F80B00EFE3B8 /* Debug */,
				806E62E51C06F80B00EFE3B8 /* Release */,
			);
			defaultConfigurationIsVisible = 0;
		};
/* End XCConfigurationList section */
	};
	rootObject = 806E62C91C06F80B00EFE3B8 /* Project object */;
}
